
Microsoft Visual Studio Solution File, Format Version 12.00
# Visual Studio 15
VisualStudioVersion = 15.0.27703.2042
MinimumVisualStudioVersion = 10.0.40219.1
Project("{FAE04EC0-301F-11D3-BF4B-00C04F79EFBC}") = "PractDentistApp", "PractDentistApp\PractDentistApp.csproj", "{AB1D5485-52DF-4A20-9DA6-775D1E5084C3}"
EndProject
Global
	GlobalSection(SolutionConfigurationPlatforms) = preSolution
		Debug|Any CPU = Debug|Any CPU
		Release|Any CPU = Release|Any CPU
	EndGlobalSection
	GlobalSection(ProjectConfigurationPlatforms) = postSolution
		{AB1D5485-52DF-4A20-9DA6-775D1E5084C3}.Debug|Any CPU.ActiveCfg = Debug|Any CPU
		{AB1D5485-52DF-4A20-9DA6-775D1E5084C3}.Debug|Any CPU.Build.0 = Debug|Any CPU
		{AB1D5485-52DF-4A20-9DA6-775D1E5084C3}.Release|Any CPU.ActiveCfg = Release|Any CPU
		{AB1D5485-52DF-4A20-9DA6-775D1E5084C3}.Release|Any CPU.Build.0 = Release|Any CPU
	EndGlobalSection
	GlobalSection(SolutionProperties) = preSolution
		HideSolutionNode = FALSE
	EndGlobalSection
	GlobalSection(ExtensibilityGlobals) = postSolution
		SolutionGuid = {D8811D89-55BB-4F19-8A7F-CD95E9F3705D}
	EndGlobalSection
EndGlobal
